// !$*UTF8*$!
{
	archiveVersion = 1;
	classes = {
	};
	objectVersion = 56;
	objects = {

/* Begin PBXBuildFile section */
		100A7EC22C37A677005D485A /* ServiceEntry.swift in Sources */ = {isa = PBXBuildFile; fileRef = 100A7EC12C37A677005D485A /* ServiceEntry.swift */; };
		100A7EC42C37A6F7005D485A /* CarMaintenanceViewModel.swift in Sources */ = {isa = PBXBuildFile; fileRef = 100A7EC32C37A6F7005D485A /* CarMaintenanceViewModel.swift */; };
		100A7EC62C37A756005D485A /* ServiceForm.swift in Sources */ = {isa = PBXBuildFile; fileRef = 100A7EC52C37A756005D485A /* ServiceForm.swift */; };
		100A7EC82C37A777005D485A /* ServiceEntryListView.swift .swift in Sources */ = {isa = PBXBuildFile; fileRef = 100A7EC72C37A777005D485A /* ServiceEntryListView.swift .swift */; };
		10C4E2792C374C2400308DB9 /* Task1App.swift in Sources */ = {isa = PBXBuildFile; fileRef = 10C4E2782C374C2400308DB9 /* Task1App.swift */; };
		10C4E27B2C374C2400308DB9 /* ContentView.swift in Sources */ = {isa = PBXBuildFile; fileRef = 10C4E27A2C374C2400308DB9 /* ContentView.swift */; };
		10C4E27D2C374C2900308DB9 /* Assets.xcassets in Resources */ = {isa = PBXBuildFile; fileRef = 10C4E27C2C374C2900308DB9 /* Assets.xcassets */; };
		10C4E2812C374C2900308DB9 /* Preview Assets.xcassets in Resources */ = {isa = PBXBuildFile; fileRef = 10C4E2802C374C2900308DB9 /* Preview Assets.xcassets */; };
		10C4E28B2C374C2A00308DB9 /* Task1Tests.swift in Sources */ = {isa = PBXBuildFile; fileRef = 10C4E28A2C374C2A00308DB9 /* Task1Tests.swift */; };
		10C4E2952C374C2A00308DB9 /* Task1UITests.swift in Sources */ = {isa = PBXBuildFile; fileRef = 10C4E2942C374C2A00308DB9 /* Task1UITests.swift */; };
		10C4E2972C374C2A00308DB9 /* Task1UITestsLaunchTests.swift in Sources */ = {isa = PBXBuildFile; fileRef = 10C4E2962C374C2A00308DB9 /* Task1UITestsLaunchTests.swift */; };
/* End PBXBuildFile section */

/* Begin PBXContainerItemProxy section */
		10C4E2872C374C2A00308DB9 /* PBXContainerItemProxy */ = {
			isa = PBXContainerItemProxy;
			containerPortal = 10C4E26D2C374C2400308DB9 /* Project object */;
			proxyType = 1;
			remoteGlobalIDString = 10C4E2742C374C2400308DB9;
			remoteInfo = Task1;
		};
		10C4E2912C374C2A00308DB9 /* PBXContainerItemProxy */ = {
			isa = PBXContainerItemProxy;
			containerPortal = 10C4E26D2C374C2400308DB9 /* Project object */;
			proxyType = 1;
			remoteGlobalIDString = 10C4E2742C374C2400308DB9;
			remoteInfo = Task1;
		};
/* End PBXContainerItemProxy section */

/* Begin PBXFileReference section */
		100A7EC12C37A677005D485A /* ServiceEntry.swift */ = {isa = PBXFileReference; lastKnownFileType = sourcecode.swift; path = ServiceEntry.swift; sourceTree = "<group>"; };
		100A7EC32C37A6F7005D485A /* CarMaintenanceViewModel.swift */ = {isa = PBXFileReference; lastKnownFileType = sourcecode.swift; path = CarMaintenanceViewModel.swift; sourceTree = "<group>"; };
		100A7EC52C37A756005D485A /* ServiceForm.swift */ = {isa = PBXFileReference; lastKnownFileType = sourcecode.swift; path = ServiceForm.swift; sourceTree = "<group>"; };
		100A7EC72C37A777005D485A /* ServiceEntryListView.swift .swift */ = {isa = PBXFileReference; lastKnownFileType = sourcecode.swift; path = "ServiceEntryListView.swift .swift"; sourceTree = "<group>"; };
		10C4E2752C374C2400308DB9 /* Task1.app */ = {isa = PBXFileReference; explicitFileType = wrapper.application; includeInIndex = 0; path = Task1.app; sourceTree = BUILT_PRODUCTS_DIR; };
		10C4E2782C374C2400308DB9 /* Task1App.swift */ = {isa = PBXFileReference; lastKnownFileType = sourcecode.swift; path = Task1App.swift; sourceTree = "<group>"; };
		10C4E27A2C374C2400308DB9 /* ContentView.swift */ = {isa = PBXFileReference; lastKnownFileType = sourcecode.swift; path = ContentView.swift; sourceTree = "<group>"; };
		10C4E27C2C374C2900308DB9 /* Assets.xcassets */ = {isa = PBXFileReference; lastKnownFileType = folder.assetcatalog; path = Assets.xcassets; sourceTree = "<group>"; };
		10C4E27E2C374C2900308DB9 /* Task1.entitlements */ = {isa = PBXFileReference; lastKnownFileType = text.plist.entitlements; path = Task1.entitlements; sourceTree = "<group>"; };
		10C4E2802C374C2900308DB9 /* Preview Assets.xcassets */ = {isa = PBXFileReference; lastKnownFileType = folder.assetcatalog; path = "Preview Assets.xcassets"; sourceTree = "<group>"; };
		10C4E2862C374C2A00308DB9 /* Task1Tests.xctest */ = {isa = PBXFileReference; explicitFileType = wrapper.cfbundle; includeInIndex = 0; path = Task1Tests.xctest; sourceTree = BUILT_PRODUCTS_DIR; };
		10C4E28A2C374C2A00308DB9 /* Task1Tests.swift */ = {isa = PBXFileReference; lastKnownFileType = sourcecode.swift; path = Task1Tests.swift; sourceTree = "<group>"; };
		10C4E2902C374C2A00308DB9 /* Task1UITests.xctest */ = {isa = PBXFileReference; explicitFileType = wrapper.cfbundle; includeInIndex = 0; path = Task1UITests.xctest; sourceTree = BUILT_PRODUCTS_DIR; };
		10C4E2942C374C2A00308DB9 /* Task1UITests.swift */ = {isa = PBXFileReference; lastKnownFileType = sourcecode.swift; path = Task1UITests.swift; sourceTree = "<group>"; };
		10C4E2962C374C2A00308DB9 /* Task1UITestsLaunchTests.swift */ = {isa = PBXFileReference; lastKnownFileType = sourcecode.swift; path = Task1UITestsLaunchTests.swift; sourceTree = "<group>"; };
/* End PBXFileReference section */

/* Begin PBXFrameworksBuildPhase section */
		10C4E2722C374C2400308DB9 /* Frameworks */ = {
			isa = PBXFrameworksBuildPhase;
			buildActionMask = 2147483647;
			files = (
			);
			runOnlyForDeploymentPostprocessing = 0;
		};
		10C4E2832C374C2A00308DB9 /* Frameworks */ = {
			isa = PBXFrameworksBuildPhase;
			buildActionMask = 2147483647;
			files = (
			);
			runOnlyForDeploymentPostprocessing = 0;
		};
		10C4E28D2C374C2A00308DB9 /* Frameworks */ = {
			isa = PBXFrameworksBuildPhase;
			buildActionMask = 2147483647;
			files = (
			);
			runOnlyForDeploymentPostprocessing = 0;
		};
/* End PBXFrameworksBuildPhase section */

/* Begin PBXGroup section */
		10C4E26C2C374C2400308DB9 = {
			isa = PBXGroup;
			children = (
				10C4E2772C374C2400308DB9 /* Task1 */,
				10C4E2892C374C2A00308DB9 /* Task1Tests */,
				10C4E2932C374C2A00308DB9 /* Task1UITests */,
				10C4E2762C374C2400308DB9 /* Products */,
			);
			sourceTree = "<group>";
		};
		10C4E2762C374C2400308DB9 /* Products */ = {
			isa = PBXGroup;
			children = (
				10C4E2752C374C2400308DB9 /* Task1.app */,
				10C4E2862C374C2A00308DB9 /* Task1Tests.xctest */,
				10C4E2902C374C2A00308DB9 /* Task1UITests.xctest */,
			);
			name = Products;
			sourceTree = "<group>";
		};
		10C4E2772C374C2400308DB9 /* Task1 */ = {
			isa = PBXGroup;
			children = (
				10C4E2782C374C2400308DB9 /* Task1App.swift */,
				10C4E27A2C374C2400308DB9 /* ContentView.swift */,
				10C4E27C2C374C2900308DB9 /* Assets.xcassets */,
				10C4E27E2C374C2900308DB9 /* Task1.entitlements */,
				10C4E27F2C374C2900308DB9 /* Preview Content */,
				100A7EC12C37A677005D485A /* ServiceEntry.swift */,
				100A7EC32C37A6F7005D485A /* CarMaintenanceViewModel.swift */,
				100A7EC52C37A756005D485A /* ServiceForm.swift */,
				100A7EC72C37A777005D485A /* ServiceEntryListView.swift .swift */,
			);
			path = Task1;
			sourceTree = "<group>";
		};
		10C4E27F2C374C2900308DB9 /* Preview Content */ = {
			isa = PBXGroup;
			children = (
				10C4E2802C374C2900308DB9 /* Preview Assets.xcassets */,
			);
			path = "Preview Content";
			sourceTree = "<group>";
		};
		10C4E2892C374C2A00308DB9 /* Task1Tests */ = {
			isa = PBXGroup;
			children = (
				10C4E28A2C374C2A00308DB9 /* Task1Tests.swift */,
			);
			path = Task1Tests;
			sourceTree = "<group>";
		};
		10C4E2932C374C2A00308DB9 /* Task1UITests */ = {
			isa = PBXGroup;
			children = (
				10C4E2942C374C2A00308DB9 /* Task1UITests.swift */,
				10C4E2962C374C2A00308DB9 /* Task1UITestsLaunchTests.swift */,
			);
			path = Task1UITests;
			sourceTree = "<group>";
		};
/* End PBXGroup section */

/* Begin PBXNativeTarget section */
		10C4E2742C374C2400308DB9 /* Task1 */ = {
			isa = PBXNativeTarget;
			buildConfigurationList = 10C4E29A2C374C2A00308DB9 /* Build configuration list for PBXNativeTarget "Task1" */;
			buildPhases = (
				10C4E2712C374C2400308DB9 /* Sources */,
				10C4E2722C374C2400308DB9 /* Frameworks */,
				10C4E2732C374C2400308DB9 /* Resources */,
			);
			buildRules = (
			);
			dependencies = (
			);
			name = Task1;
			productName = Task1;
			productReference = 10C4E2752C374C2400308DB9 /* Task1.app */;
			productType = "com.apple.product-type.application";
		};
		10C4E2852C374C2A00308DB9 /* Task1Tests */ = {
			isa = PBXNativeTarget;
			buildConfigurationList = 10C4E29D2C374C2A00308DB9 /* Build configuration list for PBXNativeTarget "Task1Tests" */;
			buildPhases = (
				10C4E2822C374C2A00308DB9 /* Sources */,
				10C4E2832C374C2A00308DB9 /* Frameworks */,
				10C4E2842C374C2A00308DB9 /* Resources */,
			);
			buildRules = (
			);
			dependencies = (
				10C4E2882C374C2A00308DB9 /* PBXTargetDependency */,
			);
			name = Task1Tests;
			productName = Task1Tests;
			productReference = 10C4E2862C374C2A00308DB9 /* Task1Tests.xctest */;
			productType = "com.apple.product-type.bundle.unit-test";
		};
		10C4E28F2C374C2A00308DB9 /* Task1UITests */ = {
			isa = PBXNativeTarget;
			buildConfigurationList = 10C4E2A02C374C2A00308DB9 /* Build configuration list for PBXNativeTarget "Task1UITests" */;
			buildPhases = (
				10C4E28C2C374C2A00308DB9 /* Sources */,
				10C4E28D2C374C2A00308DB9 /* Frameworks */,
				10C4E28E2C374C2A00308DB9 /* Resources */,
			);
			buildRules = (
			);
			dependencies = (
				10C4E2922C374C2A00308DB9 /* PBXTargetDependency */,
			);
			name = Task1UITests;
			productName = Task1UITests;
			productReference = 10C4E2902C374C2A00308DB9 /* Task1UITests.xctest */;
			productType = "com.apple.product-type.bundle.ui-testing";
		};
/* End PBXNativeTarget section */

/* Begin PBXProject section */
		10C4E26D2C374C2400308DB9 /* Project object */ = {
			isa = PBXProject;
			attributes = {
				BuildIndependentTargetsInParallel = 1;
				LastSwiftUpdateCheck = 1420;
				LastUpgradeCheck = 1420;
				TargetAttributes = {
					10C4E2742C374C2400308DB9 = {
						CreatedOnToolsVersion = 14.2;
					};
					10C4E2852C374C2A00308DB9 = {
						CreatedOnToolsVersion = 14.2;
						TestTargetID = 10C4E2742C374C2400308DB9;
					};
					10C4E28F2C374C2A00308DB9 = {
						CreatedOnToolsVersion = 14.2;
						TestTargetID = 10C4E2742C374C2400308DB9;
					};
				};
			};
			buildConfigurationList = 10C4E2702C374C2400308DB9 /* Build configuration list for PBXProject "Task1" */;
			compatibilityVersion = "Xcode 14.0";
			developmentRegion = en;
			hasScannedForEncodings = 0;
			knownRegions = (
				en,
				Base,
			);
			mainGroup = 10C4E26C2C374C2400308DB9;
			productRefGroup = 10C4E2762C374C2400308DB9 /* Products */;
			projectDirPath = "";
			projectRoot = "";
			targets = (
				10C4E2742C374C2400308DB9 /* Task1 */,
				10C4E2852C374C2A00308DB9 /* Task1Tests */,
				10C4E28F2C374C2A00308DB9 /* Task1UITests */,
			);
		};
/* End PBXProject section */

/* Begin PBXResourcesBuildPhase section */
		10C4E2732C374C2400308DB9 /* Resources */ = {
			isa = PBXResourcesBuildPhase;
			buildActionMask = 2147483647;
			files = (
				10C4E2812C374C2900308DB9 /* Preview Assets.xcassets in Resources */,
				10C4E27D2C374C2900308DB9 /* Assets.xcassets in Resources */,
			);
			runOnlyForDeploymentPostprocessing = 0;
		};
		10C4E2842C374C2A00308DB9 /* Resources */ = {
			isa = PBXResourcesBuildPhase;
			buildActionMask = 2147483647;
			files = (
			);
			runOnlyForDeploymentPostprocessing = 0;
		};
		10C4E28E2C374C2A00308DB9 /* Resources */ = {
			isa = PBXResourcesBuildPhase;
			buildActionMask = 2147483647;
			files = (
			);
			runOnlyForDeploymentPostprocessing = 0;
		};
/* End PBXResourcesBuildPhase section */

/* Begin PBXSourcesBuildPhase section */
		10C4E2712C374C2400308DB9 /* Sources */ = {
			isa = PBXSourcesBuildPhase;
			buildActionMask = 2147483647;
			files = (
				10C4E27B2C374C2400308DB9 /* ContentView.swift in Sources */,
				100A7EC62C37A756005D485A /* ServiceForm.swift in Sources */,
				100A7EC42C37A6F7005D485A /* CarMaintenanceViewModel.swift in Sources */,
				10C4E2792C374C2400308DB9 /* Task1App.swift in Sources */,
				100A7EC22C37A677005D485A /* ServiceEntry.swift in Sources */,
				100A7EC82C37A777005D485A /* ServiceEntryListView.swift .swift in Sources */,
			);
			runOnlyForDeploymentPostprocessing = 0;
		};
		10C4E2822C374C2A00308DB9 /* Sources */ = {
			isa = PBXSourcesBuildPhase;
			buildActionMask = 2147483647;
			files = (
				10C4E28B2C374C2A00308DB9 /* Task1Tests.swift in Sources */,
			);
			runOnlyForDeploymentPostprocessing = 0;
		};
		10C4E28C2C374C2A00308DB9 /* Sources */ = {
			isa = PBXSourcesBuildPhase;
			buildActionMask = 2147483647;
			files = (
				10C4E2952C374C2A00308DB9 /* Task1UITests.swift in Sources */,
				10C4E2972C374C2A00308DB9 /* Task1UITestsLaunchTests.swift in Sources */,
			);
			runOnlyForDeploymentPostprocessing = 0;
		};
/* End PBXSourcesBuildPhase section */

/* Begin PBXTargetDependency section */
		10C4E2882C374C2A00308DB9 /* PBXTargetDependency */ = {
			isa = PBXTargetDependency;
			target = 10C4E2742C374C2400308DB9 /* Task1 */;
			targetProxy = 10C4E2872C374C2A00308DB9 /* PBXContainerItemProxy */;
		};
		10C4E2922C374C2A00308DB9 /* PBXTargetDependency */ = {
			isa = PBXTargetDependency;
			target = 10C4E2742C374C2400308DB9 /* Task1 */;
			targetProxy = 10C4E2912C374C2A00308DB9 /* PBXContainerItemProxy */;
		};
/* End PBXTargetDependency section */

/* Begin XCBuildConfiguration section */
		10C4E2982C374C2A00308DB9 /* Debug */ = {
			isa = XCBuildConfiguration;
			buildSettings = {
				ALWAYS_SEARCH_USER_PATHS = NO;
				CLANG_ANALYZER_NONNULL = YES;
				CLANG_ANALYZER_NUMBER_OBJECT_CONVERSION = YES_AGGRESSIVE;
				CLANG_CXX_LANGUAGE_STANDARD = "gnu++20";
				CLANG_ENABLE_MODULES = YES;
				CLANG_ENABLE_OBJC_ARC = YES;
				CLANG_ENABLE_OBJC_WEAK = YES;
				CLANG_WARN_BLOCK_CAPTURE_AUTORELEASING = YES;
				CLANG_WARN_BOOL_CONVERSION = YES;
				CLANG_WARN_COMMA = YES;
				CLANG_WARN_CONSTANT_CONVERSION = YES;
				CLANG_WARN_DEPRECATED_OBJC_IMPLEMENTATIONS = YES;
				CLANG_WARN_DIRECT_OBJC_ISA_USAGE = YES_ERROR;
				CLANG_WARN_DOCUMENTATION_COMMENTS = YES;
				CLANG_WARN_EMPTY_BODY = YES;
				CLANG_WARN_ENUM_CONVERSION = YES;
				CLANG_WARN_INFINITE_RECURSION = YES;
				CLANG_WARN_INT_CONVERSION = YES;
				CLANG_WARN_NON_LITERAL_NULL_CONVERSION = YES;
				CLANG_WARN_OBJC_IMPLICIT_RETAIN_SELF = YES;
				CLANG_WARN_OBJC_LITERAL_CONVERSION = YES;
				CLANG_WARN_OBJC_ROOT_CLASS = YES_ERROR;
				CLANG_WARN_QUOTED_INCLUDE_IN_FRAMEWORK_HEADER = YES;
				CLANG_WARN_RANGE_LOOP_ANALYSIS = YES;
				CLANG_WARN_STRICT_PROTOTYPES = YES;
				CLANG_WARN_SUSPICIOUS_MOVE = YES;
				CLANG_WARN_UNGUARDED_AVAILABILITY = YES_AGGRESSIVE;
				CLANG_WARN_UNREACHABLE_CODE = YES;
				CLANG_WARN__DUPLICATE_METHOD_MATCH = YES;
				COPY_PHASE_STRIP = NO;
				DEBUG_INFORMATION_FORMAT = dwarf;
				ENABLE_STRICT_OBJC_MSGSEND = YES;
				ENABLE_TESTABILITY = YES;
				GCC_C_LANGUAGE_STANDARD = gnu11;
				GCC_DYNAMIC_NO_PIC = NO;
				GCC_NO_COMMON_BLOCKS = YES;
				GCC_OPTIMIZATION_LEVEL = 0;
				GCC_PREPROCESSOR_DEFINITIONS = (
					"DEBUG=1",
					"$(inherited)",
				);
				GCC_WARN_64_TO_32_BIT_CONVERSION = YES;
				GCC_WARN_ABOUT_RETURN_TYPE = YES_ERROR;
				GCC_WARN_UNDECLARED_SELECTOR = YES;
				GCC_WARN_UNINITIALIZED_AUTOS = YES_AGGRESSIVE;
				GCC_WARN_UNUSED_FUNCTION = YES;
				GCC_WARN_UNUSED_VARIABLE = YES;
				MTL_ENABLE_DEBUG_INFO = INCLUDE_SOURCE;
				MTL_FAST_MATH = YES;
				ONLY_ACTIVE_ARCH = YES;
				SWIFT_ACTIVE_COMPILATION_CONDITIONS = DEBUG;
				SWIFT_OPTIMIZATION_LEVEL = "-Onone";
			};
			name = Debug;
		};
		10C4E2992C374C2A00308DB9 /* Release */ = {
			isa = XCBuildConfiguration;
			buildSettings = {
				ALWAYS_SEARCH_USER_PATHS = NO;
				CLANG_ANALYZER_NONNULL = YES;
				CLANG_ANALYZER_NUMBER_OBJECT_CONVERSION = YES_AGGRESSIVE;
				CLANG_CXX_LANGUAGE_STANDARD = "gnu++20";
				CLANG_ENABLE_MODULES = YES;
				CLANG_ENABLE_OBJC_ARC = YES;
				CLANG_ENABLE_OBJC_WEAK = YES;
				CLANG_WARN_BLOCK_CAPTURE_AUTORELEASING = YES;
				CLANG_WARN_BOOL_CONVERSION = YES;
				CLANG_WARN_COMMA = YES;
				CLANG_WARN_CONSTANT_CONVERSION = YES;
				CLANG_WARN_DEPRECATED_OBJC_IMPLEMENTATIONS = YES;
				CLANG_WARN_DIRECT_OBJC_ISA_USAGE = YES_ERROR;
				CLANG_WARN_DOCUMENTATION_COMMENTS = YES;
				CLANG_WARN_EMPTY_BODY = YES;
				CLANG_WARN_ENUM_CONVERSION = YES;
				CLANG_WARN_INFINITE_RECURSION = YES;
				CLANG_WARN_INT_CONVERSION = YES;
				CLANG_WARN_NON_LITERAL_NULL_CONVERSION = YES;
				CLANG_WARN_OBJC_IMPLICIT_RETAIN_SELF = YES;
				CLANG_WARN_OBJC_LITERAL_CONVERSION = YES;
				CLANG_WARN_OBJC_ROOT_CLASS = YES_ERROR;
				CLANG_WARN_QUOTED_INCLUDE_IN_FRAMEWORK_HEADER = YES;
				CLANG_WARN_RANGE_LOOP_ANALYSIS = YES;
				CLANG_WARN_STRICT_PROTOTYPES = YES;
				CLANG_WARN_SUSPICIOUS_MOVE = YES;
				CLANG_WARN_UNGUARDED_AVAILABILITY = YES_AGGRESSIVE;
				CLANG_WARN_UNREACHABLE_CODE = YES;
				CLANG_WARN__DUPLICATE_METHOD_MATCH = YES;
				COPY_PHASE_STRIP = NO;
				DEBUG_INFORMATION_FORMAT = "dwarf-with-dsym";
				ENABLE_NS_ASSERTIONS = NO;
				ENABLE_STRICT_OBJC_MSGSEND = YES;
				GCC_C_LANGUAGE_STANDARD = gnu11;
				GCC_NO_COMMON_BLOCKS = YES;
				GCC_WARN_64_TO_32_BIT_CONVERSION = YES;
				GCC_WARN_ABOUT_RETURN_TYPE = YES_ERROR;
				GCC_WARN_UNDECLARED_SELECTOR = YES;
				GCC_WARN_UNINITIALIZED_AUTOS = YES_AGGRESSIVE;
				GCC_WARN_UNUSED_FUNCTION = YES;
				GCC_WARN_UNUSED_VARIABLE = YES;
				MTL_ENABLE_DEBUG_INFO = NO;
				MTL_FAST_MATH = YES;
				SWIFT_COMPILATION_MODE = wholemodule;
				SWIFT_OPTIMIZATION_LEVEL = "-O";
			};
			name = Release;
		};
		10C4E29B2C374C2A00308DB9 /* Debug */ = {
			isa = XCBuildConfiguration;
			buildSettings = {
				ASSETCATALOG_COMPILER_APPICON_NAME = AppIcon;
				ASSETCATALOG_COMPILER_GLOBAL_ACCENT_COLOR_NAME = AccentColor;
				CODE_SIGN_ENTITLEMENTS = Task1/Task1.entitlements;
				CODE_SIGN_STYLE = Automatic;
				CURRENT_PROJECT_VERSION = 1;
				DEVELOPMENT_ASSET_PATHS = "\"Task1/Preview Content\"";
				ENABLE_PREVIEWS = YES;
				GENERATE_INFOPLIST_FILE = YES;
				"INFOPLIST_KEY_UIApplicationSceneManifest_Generation[sdk=iphoneos*]" = YES;
				"INFOPLIST_KEY_UIApplicationSceneManifest_Generation[sdk=iphonesimulator*]" = YES;
				"INFOPLIST_KEY_UIApplicationSupportsIndirectInputEvents[sdk=iphoneos*]" = YES;
				"INFOPLIST_KEY_UIApplicationSupportsIndirectInputEvents[sdk=iphonesimulator*]" = YES;
				"INFOPLIST_KEY_UILaunchScreen_Generation[sdk=iphoneos*]" = YES;
				"INFOPLIST_KEY_UILaunchScreen_Generation[sdk=iphonesimulator*]" = YES;
				"INFOPLIST_KEY_UIStatusBarStyle[sdk=iphoneos*]" = UIStatusBarStyleDefault;
				"INFOPLIST_KEY_UIStatusBarStyle[sdk=iphonesimulator*]" = UIStatusBarStyleDefault;
				INFOPLIST_KEY_UISupportedInterfaceOrientations_iPad = "UIInterfaceOrientationPortrait UIInterfaceOrientationPortraitUpsideDown UIInterfaceOrientationLandscapeLeft UIInterfaceOrientationLandscapeRight";
				INFOPLIST_KEY_UISupportedInterfaceOrientations_iPhone = "UIInterfaceOrientationPortrait UIInterfaceOrientationLandscapeLeft UIInterfaceOrientationLandscapeRight";
				IPHONEOS_DEPLOYMENT_TARGET = 16.2;
				LD_RUNPATH_SEARCH_PATHS = "@executable_path/Frameworks";
				"LD_RUNPATH_SEARCH_PATHS[sdk=macosx*]" = "@executable_path/../Frameworks";
				MACOSX_DEPLOYMENT_TARGET = 12.7;
				MARKETING_VERSION = 1.0;
				PRODUCT_BUNDLE_IDENTIFIER = Outlier.Task1;
				PRODUCT_NAME = "$(TARGET_NAME)";
				SDKROOT = auto;
				SUPPORTED_PLATFORMS = "iphoneos iphonesimulator macosx";
				SWIFT_EMIT_LOC_STRINGS = YES;
				SWIFT_VERSION = 5.0;
				TARGETED_DEVICE_FAMILY = "1,2";
			};
			name = Debug;
		};
		10C4E29C2C374C2A00308DB9 /* Release */ = {
			isa = XCBuildConfiguration;
			buildSettings = {
				ASSETCATALOG_COMPILER_APPICON_NAME = AppIcon;
				ASSETCATALOG_COMPILER_GLOBAL_ACCENT_COLOR_NAME = AccentColor;
				CODE_SIGN_ENTITLEMENTS = Task1/Task1.entitlements;
				CODE_SIGN_STYLE = Automatic;
				CURRENT_PROJECT_VERSION = 1;
				DEVELOPMENT_ASSET_PATHS = "\"Task1/Preview Content\"";
				ENABLE_PREVIEWS = YES;
				GENERATE_INFOPLIST_FILE = YES;
				"INFOPLIST_KEY_UIApplicationSceneManifest_Generation[sdk=iphoneos*]" = YES;
				"INFOPLIST_KEY_UIApplicationSceneManifest_Generation[sdk=iphonesimulator*]" = YES;
				"INFOPLIST_KEY_UIApplicationSupportsIndirectInputEvents[sdk=iphoneos*]" = YES;
				"INFOPLIST_KEY_UIApplicationSupportsIndirectInputEvents[sdk=iphonesimulator*]" = YES;
				"INFOPLIST_KEY_UILaunchScreen_Generation[sdk=iphoneos*]" = YES;
				"INFOPLIST_KEY_UILaunchScreen_Generation[sdk=iphonesimulator*]" = YES;
				"INFOPLIST_KEY_UIStatusBarStyle[sdk=iphoneos*]" = UIStatusBarStyleDefault;
				"INFOPLIST_KEY_UIStatusBarStyle[sdk=iphonesimulator*]" = UIStatusBarStyleDefault;
				INFOPLIST_KEY_UISupportedInterfaceOrientations_iPad = "UIInterfaceOrientationPortrait UIInterfaceOrientationPortraitUpsideDown UIInterfaceOrientationLandscapeLeft UIInterfaceOrientationLandscapeRight";
				INFOPLIST_KEY_UISupportedInterfaceOrientations_iPhone = "UIInterfaceOrientationPortrait UIInterfaceOrientationLandscapeLeft UIInterfaceOrientationLandscapeRight";
				IPHONEOS_DEPLOYMENT_TARGET = 16.2;
				LD_RUNPATH_SEARCH_PATHS = "@executable_path/Frameworks";
				"LD_RUNPATH_SEARCH_PATHS[sdk=macosx*]" = "@executable_path/../Frameworks";
				MACOSX_DEPLOYMENT_TARGET = 12.7;
				MARKETING_VERSION = 1.0;
				PRODUCT_BUNDLE_IDENTIFIER = Outlier.Task1;
				PRODUCT_NAME = "$(TARGET_NAME)";
				SDKROOT = auto;
				SUPPORTED_PLATFORMS = "iphoneos iphonesimulator macosx";
				SWIFT_EMIT_LOC_STRINGS = YES;
				SWIFT_VERSION = 5.0;
				TARGETED_DEVICE_FAMILY = "1,2";
			};
			name = Release;
		};
		10C4E29E2C374C2A00308DB9 /* Debug */ = {
			isa = XCBuildConfiguration;
			buildSettings = {
				ALWAYS_EMBED_SWIFT_STANDARD_LIBRARIES = YES;
				BUNDLE_LOADER = "$(TEST_HOST)";
				CODE_SIGN_STYLE = Automatic;
				CURRENT_PROJECT_VERSION = 1;
				GENERATE_INFOPLIST_FILE = YES;
				IPHONEOS_DEPLOYMENT_TARGET = 16.2;
				MACOSX_DEPLOYMENT_TARGET = 12.7;
				MARKETING_VERSION = 1.0;
				PRODUCT_BUNDLE_IDENTIFIER = Outlier.Task1Tests;
				PRODUCT_NAME = "$(TARGET_NAME)";
				SDKROOT = auto;
				SUPPORTED_PLATFORMS = "iphoneos iphonesimulator macosx";
				SWIFT_EMIT_LOC_STRINGS = NO;
				SWIFT_VERSION = 5.0;
				TARGETED_DEVICE_FAMILY = "1,2";
				TEST_HOST = "$(BUILT_PRODUCTS_DIR)/Task1.app/$(BUNDLE_EXECUTABLE_FOLDER_PATH)/Task1";
			};
			name = Debug;
		};
		10C4E29F2C374C2A00308DB9 /* Release */ = {
			isa = XCBuildConfiguration;
			buildSettings = {
				ALWAYS_EMBED_SWIFT_STANDARD_LIBRARIES = YES;
				BUNDLE_LOADER = "$(TEST_HOST)";
				CODE_SIGN_STYLE = Automatic;
				CURRENT_PROJECT_VERSION = 1;
				GENERATE_INFOPLIST_FILE = YES;
				IPHONEOS_DEPLOYMENT_TARGET = 16.2;
				MACOSX_DEPLOYMENT_TARGET = 12.7;
				MARKETING_VERSION = 1.0;
				PRODUCT_BUNDLE_IDENTIFIER = Outlier.Task1Tests;
				PRODUCT_NAME = "$(TARGET_NAME)";
				SDKROOT = auto;
				SUPPORTED_PLATFORMS = "iphoneos iphonesimulator macosx";
				SWIFT_EMIT_LOC_STRINGS = NO;
				SWIFT_VERSION = 5.0;
				TARGETED_DEVICE_FAMILY = "1,2";
				TEST_HOST = "$(BUILT_PRODUCTS_DIR)/Task1.app/$(BUNDLE_EXECUTABLE_FOLDER_PATH)/Task1";
			};
			name = Release;
		};
		10C4E2A12C374C2A00308DB9 /* Debug */ = {
			isa = XCBuildConfiguration;
			buildSettings = {
				ALWAYS_EMBED_SWIFT_STANDARD_LIBRARIES = YES;
				CODE_SIGN_STYLE = Automatic;
				CURRENT_PROJECT_VERSION = 1;
				GENERATE_INFOPLIST_FILE = YES;
				IPHONEOS_DEPLOYMENT_TARGET = 16.2;
				MACOSX_DEPLOYMENT_TARGET = 12.7;
				MARKETING_VERSION = 1.0;
				PRODUCT_BUNDLE_IDENTIFIER = Outlier.Task1UITests;
				PRODUCT_NAME = "$(TARGET_NAME)";
				SDKROOT = auto;
				SUPPORTED_PLATFORMS = "iphoneos iphonesimulator macosx";
				SWIFT_EMIT_LOC_STRINGS = NO;
				SWIFT_VERSION = 5.0;
				TARGETED_DEVICE_FAMILY = "1,2";
				TEST_TARGET_NAME = Task1;
			};
			name = Debug;
		};
		10C4E2A22C374C2A00308DB9 /* Release */ = {
			isa = XCBuildConfiguration;
			buildSettings = {
				ALWAYS_EMBED_SWIFT_STANDARD_LIBRARIES = YES;
				CODE_SIGN_STYLE = Automatic;
				CURRENT_PROJECT_VERSION = 1;
				GENERATE_INFOPLIST_FILE = YES;
				IPHONEOS_DEPLOYMENT_TARGET = 16.2;
				MACOSX_DEPLOYMENT_TARGET = 12.7;
				MARKETING_VERSION = 1.0;
				PRODUCT_BUNDLE_IDENTIFIER = Outlier.Task1UITests;
				PRODUCT_NAME = "$(TARGET_NAME)";
				SDKROOT = auto;
				SUPPORTED_PLATFORMS = "iphoneos iphonesimulator macosx";
				SWIFT_EMIT_LOC_STRINGS = NO;
				SWIFT_VERSION = 5.0;
				TARGETED_DEVICE_FAMILY = "1,2";
				TEST_TARGET_NAME = Task1;
			};
			name = Release;
		};
/* End XCBuildConfiguration section */

/* Begin XCConfigurationList section */
		10C4E2702C374C2400308DB9 /* Build configuration list for PBXProject "Task1" */ = {
			isa = XCConfigurationList;
			buildConfigurations = (
				10C4E2982C374C2A00308DB9 /* Debug */,
				10C4E2992C374C2A00308DB9 /* Release */,
			);
			defaultConfigurationIsVisible = 0;
			defaultConfigurationName = Release;
		};
		10C4E29A2C374C2A00308DB9 /* Build configuration list for PBXNativeTarget "Task1" */ = {
			isa = XCConfigurationList;
			buildConfigurations = (
				10C4E29B2C374C2A00308DB9 /* Debug */,
				10C4E29C2C374C2A00308DB9 /* Release */,
			);
			defaultConfigurationIsVisible = 0;
			defaultConfigurationName = Release;
		};
		10C4E29D2C374C2A00308DB9 /* Build configuration list for PBXNativeTarget "Task1Tests" */ = {
			isa = XCConfigurationList;
			buildConfigurations = (
				10C4E29E2C374C2A00308DB9 /* Debug */,
				10C4E29F2C374C2A00308DB9 /* Release */,
			);
			defaultConfigurationIsVisible = 0;
			defaultConfigurationName = Release;
		};
		10C4E2A02C374C2A00308DB9 /* Build configuration list for PBXNativeTarget "Task1UITests" */ = {
			isa = XCConfigurationList;
			buildConfigurations = (
				10C4E2A12C374C2A00308DB9 /* Debug */,
				10C4E2A22C374C2A00308DB9 /* Release */,
			);
			defaultConfigurationIsVisible = 0;
			defaultConfigurationName = Release;
		};
/* End XCConfigurationList section */
	};
	rootObject = 10C4E26D2C374C2400308DB9 /* Project object */;
}
